// !$*UTF8*$!
{
	archiveVersion = 1;
	classes = {
	};
	objectVersion = 46;
	objects = {

/* Begin PBXBuildFile section */
		BA5449471CA89A8400DDFBD5 /* TaskGatewayTests.m in Sources */ = {isa = PBXBuildFile; fileRef = BA5449461CA89A8400DDFBD5 /* TaskGatewayTests.m */; };
		BA5449561CA8CD0400DDFBD5 /* SplitViewController.m in Sources */ = {isa = PBXBuildFile; fileRef = BA5449551CA8CD0400DDFBD5 /* SplitViewController.m */; };
		BA5449601CA8CD6D00DDFBD5 /* Task.m in Sources */ = {isa = PBXBuildFile; fileRef = BA54495E1CA8CD6D00DDFBD5 /* Task.m */; };
		BA5449631CA8CDA200DDFBD5 /* LaunchScreen.storyboard in Resources */ = {isa = PBXBuildFile; fileRef = BA5449611CA8CDA200DDFBD5 /* LaunchScreen.storyboard */; };
		BA5449641CA8CDA200DDFBD5 /* Main.storyboard in Resources */ = {isa = PBXBuildFile; fileRef = BA5449621CA8CDA200DDFBD5 /* Main.storyboard */; };
		BA5449661CA8CDC600DDFBD5 /* Assets.xcassets in Resources */ = {isa = PBXBuildFile; fileRef = BA5449651CA8CDC600DDFBD5 /* Assets.xcassets */; };
		BA5449681CA8CE0600DDFBD5 /* ListTasksViewModelTests.m in Sources */ = {isa = PBXBuildFile; fileRef = BA5449671CA8CE0600DDFBD5 /* ListTasksViewModelTests.m */; };
		BA54496B1CA95BE900DDFBD5 /* TaskGatewayDouble.m in Sources */ = {isa = PBXBuildFile; fileRef = BA54496A1CA95BE900DDFBD5 /* TaskGatewayDouble.m */; };
		BAC6F4D61CAA050F005401B6 /* ListTasksViewModel.m in Sources */ = {isa = PBXBuildFile; fileRef = BAC6F4D51CAA050F005401B6 /* ListTasksViewModel.m */; };
		BAC6F4DE1CAA19DA005401B6 /* ListTasksPresenterDouble.m in Sources */ = {isa = PBXBuildFile; fileRef = BAC6F4DD1CAA19DA005401B6 /* ListTasksPresenterDouble.m */; };
		BAE43B6E1CA9E755004AE9CD /* AppDelegate.m in Sources */ = {isa = PBXBuildFile; fileRef = BAE43B6B1CA9E755004AE9CD /* AppDelegate.m */; };
		BAE43B6F1CA9E755004AE9CD /* Info.plist in Resources */ = {isa = PBXBuildFile; fileRef = BAE43B6C1CA9E755004AE9CD /* Info.plist */; };
		BAE43B701CA9E755004AE9CD /* main.m in Sources */ = {isa = PBXBuildFile; fileRef = BAE43B6D1CA9E755004AE9CD /* main.m */; };
		BAE43B7E1CA9E7FA004AE9CD /* EditTaskViewController.m in Sources */ = {isa = PBXBuildFile; fileRef = BAE43B7D1CA9E7FA004AE9CD /* EditTaskViewController.m */; };
		BAE43B821CA9E810004AE9CD /* DetailTaskViewController.m in Sources */ = {isa = PBXBuildFile; fileRef = BAE43B811CA9E810004AE9CD /* DetailTaskViewController.m */; };
		BAE43B8A1CA9E88E004AE9CD /* ListOfTasksTableViewCell.m in Sources */ = {isa = PBXBuildFile; fileRef = BAE43B891CA9E88E004AE9CD /* ListOfTasksTableViewCell.m */; };
		BAE43B8D1CA9E8D3004AE9CD /* ListOfTasksTableViewController.m in Sources */ = {isa = PBXBuildFile; fileRef = BAE43B8C1CA9E8D3004AE9CD /* ListOfTasksTableViewController.m */; };
/* End PBXBuildFile section */

/* Begin PBXContainerItemProxy section */
		BA4889971CA5CBEB00271373 /* PBXContainerItemProxy */ = {
			isa = PBXContainerItemProxy;
			containerPortal = BA4889751CA5CBEB00271373 /* Project object */;
			proxyType = 1;
			remoteGlobalIDString = BA48897C1CA5CBEB00271373;
			remoteInfo = "doo it";
		};
/* End PBXContainerItemProxy section */

/* Begin PBXFileReference section */
		BA48897D1CA5CBEB00271373 /* doo it.app */ = {isa = PBXFileReference; explicitFileType = wrapper.application; includeInIndex = 0; path = "doo it.app"; sourceTree = BUILT_PRODUCTS_DIR; };
		BA4889961CA5CBEB00271373 /* doo itTests.xctest */ = {isa = PBXFileReference; explicitFileType = wrapper.cfbundle; includeInIndex = 0; path = "doo itTests.xctest"; sourceTree = BUILT_PRODUCTS_DIR; };
		BA48899C1CA5CBEB00271373 /* Info.plist */ = {isa = PBXFileReference; lastKnownFileType = text.plist.xml; path = Info.plist; sourceTree = "<group>"; };
		BA5449461CA89A8400DDFBD5 /* TaskGatewayTests.m */ = {isa = PBXFileReference; fileEncoding = 4; lastKnownFileType = sourcecode.c.objc; path = TaskGatewayTests.m; sourceTree = "<group>"; };
		BA5449541CA8CD0400DDFBD5 /* SplitViewController.h */ = {isa = PBXFileReference; fileEncoding = 4; lastKnownFileType = sourcecode.c.h; name = SplitViewController.h; path = View/SplitViewController.h; sourceTree = "<group>"; };
		BA5449551CA8CD0400DDFBD5 /* SplitViewController.m */ = {isa = PBXFileReference; fileEncoding = 4; lastKnownFileType = sourcecode.c.objc; name = SplitViewController.m; path = View/SplitViewController.m; sourceTree = "<group>"; };
		BA54495D1CA8CD6D00DDFBD5 /* Task.h */ = {isa = PBXFileReference; fileEncoding = 4; lastKnownFileType = sourcecode.c.h; name = Task.h; path = Model/Task/Task.h; sourceTree = "<group>"; };
		BA54495E1CA8CD6D00DDFBD5 /* Task.m */ = {isa = PBXFileReference; fileEncoding = 4; lastKnownFileType = sourcecode.c.objc; name = Task.m; path = Model/Task/Task.m; sourceTree = "<group>"; };
		BA54495F1CA8CD6D00DDFBD5 /* TaskGatewayProtocol.h */ = {isa = PBXFileReference; fileEncoding = 4; lastKnownFileType = sourcecode.c.h; name = TaskGatewayProtocol.h; path = Model/Task/TaskGatewayProtocol.h; sourceTree = "<group>"; };
		BA5449611CA8CDA200DDFBD5 /* LaunchScreen.storyboard */ = {isa = PBXFileReference; fileEncoding = 4; lastKnownFileType = file.storyboard; name = LaunchScreen.storyboard; path = View/LaunchScreen.storyboard; sourceTree = "<group>"; };
		BA5449621CA8CDA200DDFBD5 /* Main.storyboard */ = {isa = PBXFileReference; fileEncoding = 4; lastKnownFileType = file.storyboard; name = Main.storyboard; path = View/Main.storyboard; sourceTree = "<group>"; };
		BA5449651CA8CDC600DDFBD5 /* Assets.xcassets */ = {isa = PBXFileReference; lastKnownFileType = folder.assetcatalog; name = Assets.xcassets; path = View/Assets.xcassets; sourceTree = "<group>"; };
		BA5449671CA8CE0600DDFBD5 /* ListTasksViewModelTests.m */ = {isa = PBXFileReference; fileEncoding = 4; lastKnownFileType = sourcecode.c.objc; path = ListTasksViewModelTests.m; sourceTree = "<group>"; };
		BA5449691CA95BE900DDFBD5 /* TaskGatewayDouble.h */ = {isa = PBXFileReference; fileEncoding = 4; lastKnownFileType = sourcecode.c.h; name = TaskGatewayDouble.h; path = Model/Task/TaskGatewayDouble.h; sourceTree = "<group>"; };
		BA54496A1CA95BE900DDFBD5 /* TaskGatewayDouble.m */ = {isa = PBXFileReference; fileEncoding = 4; lastKnownFileType = sourcecode.c.objc; name = TaskGatewayDouble.m; path = Model/Task/TaskGatewayDouble.m; sourceTree = "<group>"; };
		BAC6F4D41CAA050F005401B6 /* ListTasksViewModel.h */ = {isa = PBXFileReference; fileEncoding = 4; lastKnownFileType = sourcecode.c.h; name = ListTasksViewModel.h; path = "ViewModel/List Tasks/ListTasksViewModel.h"; sourceTree = "<group>"; };
		BAC6F4D51CAA050F005401B6 /* ListTasksViewModel.m */ = {isa = PBXFileReference; fileEncoding = 4; lastKnownFileType = sourcecode.c.objc; name = ListTasksViewModel.m; path = "ViewModel/List Tasks/ListTasksViewModel.m"; sourceTree = "<group>"; };
		BAC6F4D71CAA052E005401B6 /* ListTasksPresenterProtocol.h */ = {isa = PBXFileReference; fileEncoding = 4; lastKnownFileType = sourcecode.c.h; name = ListTasksPresenterProtocol.h; path = "ViewModel/List Tasks/ListTasksPresenterProtocol.h"; sourceTree = "<group>"; };
		BAC6F4DC1CAA19DA005401B6 /* ListTasksPresenterDouble.h */ = {isa = PBXFileReference; fileEncoding = 4; lastKnownFileType = sourcecode.c.h; name = ListTasksPresenterDouble.h; path = "ViewModel Tests/Doubles/ListTasksPresenterDouble.h"; sourceTree = "<group>"; };
		BAC6F4DD1CAA19DA005401B6 /* ListTasksPresenterDouble.m */ = {isa = PBXFileReference; fileEncoding = 4; lastKnownFileType = sourcecode.c.objc; name = ListTasksPresenterDouble.m; path = "ViewModel Tests/Doubles/ListTasksPresenterDouble.m"; sourceTree = "<group>"; };
		BAE43B6A1CA9E755004AE9CD /* AppDelegate.h */ = {isa = PBXFileReference; fileEncoding = 4; lastKnownFileType = sourcecode.c.h; name = AppDelegate.h; path = "Supporting Files/AppDelegate.h"; sourceTree = "<group>"; };
		BAE43B6B1CA9E755004AE9CD /* AppDelegate.m */ = {isa = PBXFileReference; fileEncoding = 4; lastKnownFileType = sourcecode.c.objc; name = AppDelegate.m; path = "Supporting Files/AppDelegate.m"; sourceTree = "<group>"; };
		BAE43B6C1CA9E755004AE9CD /* Info.plist */ = {isa = PBXFileReference; fileEncoding = 4; lastKnownFileType = text.plist.xml; name = Info.plist; path = "Supporting Files/Info.plist"; sourceTree = "<group>"; };
		BAE43B6D1CA9E755004AE9CD /* main.m */ = {isa = PBXFileReference; fileEncoding = 4; lastKnownFileType = sourcecode.c.objc; name = main.m; path = "Supporting Files/main.m"; sourceTree = "<group>"; };
		BAE43B7C1CA9E7FA004AE9CD /* EditTaskViewController.h */ = {isa = PBXFileReference; fileEncoding = 4; lastKnownFileType = sourcecode.c.h; name = EditTaskViewController.h; path = "View/View Controllers/Edit Task/EditTaskViewController.h"; sourceTree = "<group>"; };
		BAE43B7D1CA9E7FA004AE9CD /* EditTaskViewController.m */ = {isa = PBXFileReference; fileEncoding = 4; lastKnownFileType = sourcecode.c.objc; name = EditTaskViewController.m; path = "View/View Controllers/Edit Task/EditTaskViewController.m"; sourceTree = "<group>"; };
		BAE43B801CA9E810004AE9CD /* DetailTaskViewController.h */ = {isa = PBXFileReference; fileEncoding = 4; lastKnownFileType = sourcecode.c.h; name = DetailTaskViewController.h; path = "View/View Controllers/Detail Task/DetailTaskViewController.h"; sourceTree = "<group>"; };
		BAE43B811CA9E810004AE9CD /* DetailTaskViewController.m */ = {isa = PBXFileReference; fileEncoding = 4; lastKnownFileType = sourcecode.c.objc; name = DetailTaskViewController.m; path = "View/View Controllers/Detail Task/DetailTaskViewController.m"; sourceTree = "<group>"; };
		BAE43B881CA9E88E004AE9CD /* ListOfTasksTableViewCell.h */ = {isa = PBXFileReference; fileEncoding = 4; lastKnownFileType = sourcecode.c.h; name = ListOfTasksTableViewCell.h; path = "View/View Controllers/List of Tasks/ListOfTasksTableViewCell.h"; sourceTree = "<group>"; };
		BAE43B891CA9E88E004AE9CD /* ListOfTasksTableViewCell.m */ = {isa = PBXFileReference; fileEncoding = 4; lastKnownFileType = sourcecode.c.objc; name = ListOfTasksTableViewCell.m; path = "View/View Controllers/List of Tasks/ListOfTasksTableViewCell.m"; sourceTree = "<group>"; };
		BAE43B8B1CA9E8D3004AE9CD /* ListOfTasksTableViewController.h */ = {isa = PBXFileReference; fileEncoding = 4; lastKnownFileType = sourcecode.c.h; name = ListOfTasksTableViewController.h; path = "View/View Controllers/List of Tasks/ListOfTasksTableViewController.h"; sourceTree = "<group>"; };
		BAE43B8C1CA9E8D3004AE9CD /* ListOfTasksTableViewController.m */ = {isa = PBXFileReference; fileEncoding = 4; lastKnownFileType = sourcecode.c.objc; name = ListOfTasksTableViewController.m; path = "View/View Controllers/List of Tasks/ListOfTasksTableViewController.m"; sourceTree = "<group>"; };
/* End PBXFileReference section */

/* Begin PBXFrameworksBuildPhase section */
		BA48897A1CA5CBEB00271373 /* Frameworks */ = {
			isa = PBXFrameworksBuildPhase;
			buildActionMask = 2147483647;
			files = (
			);
			runOnlyForDeploymentPostprocessing = 0;
		};
		BA4889931CA5CBEB00271373 /* Frameworks */ = {
			isa = PBXFrameworksBuildPhase;
			buildActionMask = 2147483647;
			files = (
			);
			runOnlyForDeploymentPostprocessing = 0;
		};
/* End PBXFrameworksBuildPhase section */

/* Begin PBXGroup section */
		BA4889741CA5CBEB00271373 = {
			isa = PBXGroup;
			children = (
				BA48897F1CA5CBEB00271373 /* doo it */,
				BA4889991CA5CBEB00271373 /* doo it Tests */,
				BA48897E1CA5CBEB00271373 /* Products */,
			);
			sourceTree = "<group>";
		};
		BA48897E1CA5CBEB00271373 /* Products */ = {
			isa = PBXGroup;
			children = (
				BA48897D1CA5CBEB00271373 /* doo it.app */,
				BA4889961CA5CBEB00271373 /* doo itTests.xctest */,
			);
			name = Products;
			sourceTree = "<group>";
		};
		BA48897F1CA5CBEB00271373 /* doo it */ = {
			isa = PBXGroup;
			children = (
				BA5449191CA6BB7C00DDFBD5 /* Model */,
				BA54491B1CA6BBBC00DDFBD5 /* View */,
				BAE43B681CA9E702004AE9CD /* ViewModel */,
				BA4889801CA5CBEB00271373 /* Supporting Files */,
			);
			path = "doo it";
			sourceTree = "<group>";
		};
		BA4889801CA5CBEB00271373 /* Supporting Files */ = {
			isa = PBXGroup;
			children = (
				BAE43B6A1CA9E755004AE9CD /* AppDelegate.h */,
				BAE43B6B1CA9E755004AE9CD /* AppDelegate.m */,
				BAE43B6C1CA9E755004AE9CD /* Info.plist */,
				BAE43B6D1CA9E755004AE9CD /* main.m */,
			);
			name = "Supporting Files";
			sourceTree = "<group>";
		};
		BA4889991CA5CBEB00271373 /* doo it Tests */ = {
			isa = PBXGroup;
			children = (
				BAC6F4DB1CAA19AE005401B6 /* Doubles */,
				BA54494A1CA8CBC200DDFBD5 /* ViewModel Tests */,
				BA5449491CA8CBA400DDFBD5 /* Gateway Tests */,
				BAC6F4DF1CAA204D005401B6 /* SupportingFiles */,
			);
			name = "doo it Tests";
			path = "doo itTests";
			sourceTree = "<group>";
		};
		BA5449191CA6BB7C00DDFBD5 /* Model */ = {
			isa = PBXGroup;
			children = (
				BA5449421CA872E400DDFBD5 /* Task */,
			);
			name = Model;
			sourceTree = "<group>";
		};
		BA54491B1CA6BBBC00DDFBD5 /* View */ = {
			isa = PBXGroup;
			children = (
				BAE43B691CA9E713004AE9CD /* View Controllers */,
				BAE43B871CA9E853004AE9CD /* Assets */,
				BA5449621CA8CDA200DDFBD5 /* Main.storyboard */,
			);
			name = View;
			sourceTree = "<group>";
		};
		BA5449421CA872E400DDFBD5 /* Task */ = {
			isa = PBXGroup;
			children = (
				BA54495D1CA8CD6D00DDFBD5 /* Task.h */,
				BA54495E1CA8CD6D00DDFBD5 /* Task.m */,
				BA54495F1CA8CD6D00DDFBD5 /* TaskGatewayProtocol.h */,
				BA5449451CA8731900DDFBD5 /* Task Gateway */,
			);
			name = Task;
			sourceTree = "<group>";
		};
		BA5449451CA8731900DDFBD5 /* Task Gateway */ = {
			isa = PBXGroup;
			children = (
				BA5449691CA95BE900DDFBD5 /* TaskGatewayDouble.h */,
				BA54496A1CA95BE900DDFBD5 /* TaskGatewayDouble.m */,
			);
			name = "Task Gateway";
			sourceTree = "<group>";
		};
		BA5449491CA8CBA400DDFBD5 /* Gateway Tests */ = {
			isa = PBXGroup;
			children = (
				BA5449461CA89A8400DDFBD5 /* TaskGatewayTests.m */,
			);
			name = "Gateway Tests";
			sourceTree = "<group>";
		};
		BA54494A1CA8CBC200DDFBD5 /* ViewModel Tests */ = {
			isa = PBXGroup;
			children = (
				BA5449671CA8CE0600DDFBD5 /* ListTasksViewModelTests.m */,
			);
			name = "ViewModel Tests";
			sourceTree = "<group>";
		};
		BAC6F4DB1CAA19AE005401B6 /* Doubles */ = {
			isa = PBXGroup;
			children = (
				BAC6F4DC1CAA19DA005401B6 /* ListTasksPresenterDouble.h */,
				BAC6F4DD1CAA19DA005401B6 /* ListTasksPresenterDouble.m */,
			);
			name = Doubles;
			sourceTree = "<group>";
		};
		BAC6F4DF1CAA204D005401B6 /* SupportingFiles */ = {
			isa = PBXGroup;
			children = (
				BA48899C1CA5CBEB00271373 /* Info.plist */,
			);
			name = SupportingFiles;
			sourceTree = "<group>";
		};
		BAE43B681CA9E702004AE9CD /* ViewModel */ = {
			isa = PBXGroup;
			children = (
				BAE43B831CA9E819004AE9CD /* List Tasks */,
				BAE43B851CA9E826004AE9CD /* Detail Task */,
				BAE43B841CA9E820004AE9CD /* Edit Task */,
			);
			name = ViewModel;
			sourceTree = "<group>";
		};
		BAE43B691CA9E713004AE9CD /* View Controllers */ = {
			isa = PBXGroup;
			children = (
				BAE43B861CA9E83F004AE9CD /* Split View Controller */,
				BAE43B771CA9E7D3004AE9CD /* List of Tasks */,
				BAE43B7F1CA9E7FE004AE9CD /* Detail Task */,
				BAE43B7B1CA9E7EA004AE9CD /* Edit Task */,
			);
			name = "View Controllers";
			sourceTree = "<group>";
		};
		BAE43B771CA9E7D3004AE9CD /* List of Tasks */ = {
			isa = PBXGroup;
			children = (
				BAE43B8B1CA9E8D3004AE9CD /* ListOfTasksTableViewController.h */,
				BAE43B8C1CA9E8D3004AE9CD /* ListOfTasksTableViewController.m */,
				BAE43B881CA9E88E004AE9CD /* ListOfTasksTableViewCell.h */,
				BAE43B891CA9E88E004AE9CD /* ListOfTasksTableViewCell.m */,
			);
			name = "List of Tasks";
			sourceTree = "<group>";
		};
		BAE43B7B1CA9E7EA004AE9CD /* Edit Task */ = {
			isa = PBXGroup;
			children = (
				BAE43B7C1CA9E7FA004AE9CD /* EditTaskViewController.h */,
				BAE43B7D1CA9E7FA004AE9CD /* EditTaskViewController.m */,
			);
			name = "Edit Task";
			sourceTree = "<group>";
		};
		BAE43B7F1CA9E7FE004AE9CD /* Detail Task */ = {
			isa = PBXGroup;
			children = (
				BAE43B801CA9E810004AE9CD /* DetailTaskViewController.h */,
				BAE43B811CA9E810004AE9CD /* DetailTaskViewController.m */,
			);
			name = "Detail Task";
			sourceTree = "<group>";
		};
		BAE43B831CA9E819004AE9CD /* List Tasks */ = {
			isa = PBXGroup;
			children = (
				BAC6F4D41CAA050F005401B6 /* ListTasksViewModel.h */,
				BAC6F4D51CAA050F005401B6 /* ListTasksViewModel.m */,
				BAC6F4D71CAA052E005401B6 /* ListTasksPresenterProtocol.h */,
			);
			name = "List Tasks";
			sourceTree = "<group>";
		};
		BAE43B841CA9E820004AE9CD /* Edit Task */ = {
			isa = PBXGroup;
			children = (
			);
			name = "Edit Task";
			sourceTree = "<group>";
		};
		BAE43B851CA9E826004AE9CD /* Detail Task */ = {
			isa = PBXGroup;
			children = (
			);
			name = "Detail Task";
			sourceTree = "<group>";
		};
		BAE43B861CA9E83F004AE9CD /* Split View Controller */ = {
			isa = PBXGroup;
			children = (
				BA5449541CA8CD0400DDFBD5 /* SplitViewController.h */,
				BA5449551CA8CD0400DDFBD5 /* SplitViewController.m */,
			);
			name = "Split View Controller";
			sourceTree = "<group>";
		};
		BAE43B871CA9E853004AE9CD /* Assets */ = {
			isa = PBXGroup;
			children = (
				BA5449651CA8CDC600DDFBD5 /* Assets.xcassets */,
				BA5449611CA8CDA200DDFBD5 /* LaunchScreen.storyboard */,
			);
			name = Assets;
			sourceTree = "<group>";
		};
/* End PBXGroup section */

/* Begin PBXNativeTarget section */
		BA48897C1CA5CBEB00271373 /* doo it */ = {
			isa = PBXNativeTarget;
			buildConfigurationList = BA48899F1CA5CBEB00271373 /* Build configuration list for PBXNativeTarget "doo it" */;
			buildPhases = (
				BA4889791CA5CBEB00271373 /* Sources */,
				BA48897A1CA5CBEB00271373 /* Frameworks */,
				BA48897B1CA5CBEB00271373 /* Resources */,
			);
			buildRules = (
			);
			dependencies = (
			);
			name = "doo it";
			productName = "doo it";
			productReference = BA48897D1CA5CBEB00271373 /* doo it.app */;
			productType = "com.apple.product-type.application";
		};
		BA4889951CA5CBEB00271373 /* doo itTests */ = {
			isa = PBXNativeTarget;
			buildConfigurationList = BA4889A21CA5CBEB00271373 /* Build configuration list for PBXNativeTarget "doo itTests" */;
			buildPhases = (
				BA4889921CA5CBEB00271373 /* Sources */,
				BA4889931CA5CBEB00271373 /* Frameworks */,
				BA4889941CA5CBEB00271373 /* Resources */,
			);
			buildRules = (
			);
			dependencies = (
				BA4889981CA5CBEB00271373 /* PBXTargetDependency */,
			);
			name = "doo itTests";
			productName = "doo itTests";
			productReference = BA4889961CA5CBEB00271373 /* doo itTests.xctest */;
			productType = "com.apple.product-type.bundle.unit-test";
		};
/* End PBXNativeTarget section */

/* Begin PBXProject section */
		BA4889751CA5CBEB00271373 /* Project object */ = {
			isa = PBXProject;
			attributes = {
				LastUpgradeCheck = 0730;
				ORGANIZATIONNAME = "Ricardo Gehrke Filho";
				TargetAttributes = {
					BA48897C1CA5CBEB00271373 = {
						CreatedOnToolsVersion = 7.3;
					};
					BA4889951CA5CBEB00271373 = {
						CreatedOnToolsVersion = 7.3;
						TestTargetID = BA48897C1CA5CBEB00271373;
					};
				};
			};
			buildConfigurationList = BA4889781CA5CBEB00271373 /* Build configuration list for PBXProject "doo it" */;
			compatibilityVersion = "Xcode 3.2";
			developmentRegion = English;
			hasScannedForEncodings = 0;
			knownRegions = (
				en,
				Base,
			);
			mainGroup = BA4889741CA5CBEB00271373;
			productRefGroup = BA48897E1CA5CBEB00271373 /* Products */;
			projectDirPath = "";
			projectRoot = "";
			targets = (
				BA48897C1CA5CBEB00271373 /* doo it */,
				BA4889951CA5CBEB00271373 /* doo itTests */,
			);
		};
/* End PBXProject section */

/* Begin PBXResourcesBuildPhase section */
		BA48897B1CA5CBEB00271373 /* Resources */ = {
			isa = PBXResourcesBuildPhase;
			buildActionMask = 2147483647;
			files = (
				BAE43B6F1CA9E755004AE9CD /* Info.plist in Resources */,
				BA5449641CA8CDA200DDFBD5 /* Main.storyboard in Resources */,
				BA5449661CA8CDC600DDFBD5 /* Assets.xcassets in Resources */,
				BA5449631CA8CDA200DDFBD5 /* LaunchScreen.storyboard in Resources */,
			);
			runOnlyForDeploymentPostprocessing = 0;
		};
		BA4889941CA5CBEB00271373 /* Resources */ = {
			isa = PBXResourcesBuildPhase;
			buildActionMask = 2147483647;
			files = (
			);
			runOnlyForDeploymentPostprocessing = 0;
		};
/* End PBXResourcesBuildPhase section */

/* Begin PBXSourcesBuildPhase section */
		BA4889791CA5CBEB00271373 /* Sources */ = {
			isa = PBXSourcesBuildPhase;
			buildActionMask = 2147483647;
			files = (
				BAE43B701CA9E755004AE9CD /* main.m in Sources */,
				BAE43B6E1CA9E755004AE9CD /* AppDelegate.m in Sources */,
				BAE43B821CA9E810004AE9CD /* DetailTaskViewController.m in Sources */,
				BAC6F4D61CAA050F005401B6 /* ListTasksViewModel.m in Sources */,
				BA54496B1CA95BE900DDFBD5 /* TaskGatewayDouble.m in Sources */,
				BAE43B8D1CA9E8D3004AE9CD /* ListOfTasksTableViewController.m in Sources */,
				BAE43B7E1CA9E7FA004AE9CD /* EditTaskViewController.m in Sources */,
				BAE43B8A1CA9E88E004AE9CD /* ListOfTasksTableViewCell.m in Sources */,
				BA5449601CA8CD6D00DDFBD5 /* Task.m in Sources */,
				BA5449561CA8CD0400DDFBD5 /* SplitViewController.m in Sources */,
				BAC6F4DE1CAA19DA005401B6 /* ListTasksPresenterDouble.m in Sources */,
			);
			runOnlyForDeploymentPostprocessing = 0;
		};
		BA4889921CA5CBEB00271373 /* Sources */ = {
			isa = PBXSourcesBuildPhase;
			buildActionMask = 2147483647;
			files = (
				BA5449471CA89A8400DDFBD5 /* TaskGatewayTests.m in Sources */,
				BA5449681CA8CE0600DDFBD5 /* ListTasksViewModelTests.m in Sources */,
			);
			runOnlyForDeploymentPostprocessing = 0;
		};
/* End PBXSourcesBuildPhase section */

/* Begin PBXTargetDependency section */
		BA4889981CA5CBEB00271373 /* PBXTargetDependency */ = {
			isa = PBXTargetDependency;
			target = BA48897C1CA5CBEB00271373 /* doo it */;
			targetProxy = BA4889971CA5CBEB00271373 /* PBXContainerItemProxy */;
		};
/* End PBXTargetDependency section */

/* Begin XCBuildConfiguration section */
		BA48899D1CA5CBEB00271373 /* Debug */ = {
			isa = XCBuildConfiguration;
			buildSettings = {
				ALWAYS_SEARCH_USER_PATHS = NO;
				CLANG_ANALYZER_NONNULL = YES;
				CLANG_CXX_LANGUAGE_STANDARD = "gnu++0x";
				CLANG_CXX_LIBRARY = "libc++";
				CLANG_ENABLE_MODULES = YES;
				CLANG_ENABLE_OBJC_ARC = YES;
				CLANG_WARN_BOOL_CONVERSION = YES;
				CLANG_WARN_CONSTANT_CONVERSION = YES;
				CLANG_WARN_DIRECT_OBJC_ISA_USAGE = YES_ERROR;
				CLANG_WARN_EMPTY_BODY = YES;
				CLANG_WARN_ENUM_CONVERSION = YES;
				CLANG_WARN_INT_CONVERSION = YES;
				CLANG_WARN_OBJC_ROOT_CLASS = YES_ERROR;
				CLANG_WARN_UNREACHABLE_CODE = YES;
				CLANG_WARN__DUPLICATE_METHOD_MATCH = YES;
				"CODE_SIGN_IDENTITY[sdk=iphoneos*]" = "iPhone Developer";
				COPY_PHASE_STRIP = NO;
				DEBUG_INFORMATION_FORMAT = dwarf;
				ENABLE_STRICT_OBJC_MSGSEND = YES;
				ENABLE_TESTABILITY = YES;
				GCC_C_LANGUAGE_STANDARD = gnu99;
				GCC_DYNAMIC_NO_PIC = NO;
				GCC_NO_COMMON_BLOCKS = YES;
				GCC_OPTIMIZATION_LEVEL = 0;
				GCC_PREPROCESSOR_DEFINITIONS = (
					"DEBUG=1",
					"$(inherited)",
				);
				GCC_WARN_64_TO_32_BIT_CONVERSION = YES;
				GCC_WARN_ABOUT_RETURN_TYPE = YES_ERROR;
				GCC_WARN_UNDECLARED_SELECTOR = YES;
				GCC_WARN_UNINITIALIZED_AUTOS = YES_AGGRESSIVE;
				GCC_WARN_UNUSED_FUNCTION = YES;
				GCC_WARN_UNUSED_VARIABLE = YES;
				IPHONEOS_DEPLOYMENT_TARGET = 9.3;
				MTL_ENABLE_DEBUG_INFO = YES;
				ONLY_ACTIVE_ARCH = YES;
				SDKROOT = iphoneos;
				TARGETED_DEVICE_FAMILY = "1,2";
			};
			name = Debug;
		};
		BA48899E1CA5CBEB00271373 /* Release */ = {
			isa = XCBuildConfiguration;
			buildSettings = {
				ALWAYS_SEARCH_USER_PATHS = NO;
				CLANG_ANALYZER_NONNULL = YES;
				CLANG_CXX_LANGUAGE_STANDARD = "gnu++0x";
				CLANG_CXX_LIBRARY = "libc++";
				CLANG_ENABLE_MODULES = YES;
				CLANG_ENABLE_OBJC_ARC = YES;
				CLANG_WARN_BOOL_CONVERSION = YES;
				CLANG_WARN_CONSTANT_CONVERSION = YES;
				CLANG_WARN_DIRECT_OBJC_ISA_USAGE = YES_ERROR;
				CLANG_WARN_EMPTY_BODY = YES;
				CLANG_WARN_ENUM_CONVERSION = YES;
				CLANG_WARN_INT_CONVERSION = YES;
				CLANG_WARN_OBJC_ROOT_CLASS = YES_ERROR;
				CLANG_WARN_UNREACHABLE_CODE = YES;
				CLANG_WARN__DUPLICATE_METHOD_MATCH = YES;
				"CODE_SIGN_IDENTITY[sdk=iphoneos*]" = "iPhone Developer";
				COPY_PHASE_STRIP = NO;
				DEBUG_INFORMATION_FORMAT = "dwarf-with-dsym";
				ENABLE_NS_ASSERTIONS = NO;
				ENABLE_STRICT_OBJC_MSGSEND = YES;
				GCC_C_LANGUAGE_STANDARD = gnu99;
				GCC_NO_COMMON_BLOCKS = YES;
				GCC_WARN_64_TO_32_BIT_CONVERSION = YES;
				GCC_WARN_ABOUT_RETURN_TYPE = YES_ERROR;
				GCC_WARN_UNDECLARED_SELECTOR = YES;
				GCC_WARN_UNINITIALIZED_AUTOS = YES_AGGRESSIVE;
				GCC_WARN_UNUSED_FUNCTION = YES;
				GCC_WARN_UNUSED_VARIABLE = YES;
				IPHONEOS_DEPLOYMENT_TARGET = 9.3;
				MTL_ENABLE_DEBUG_INFO = NO;
				SDKROOT = iphoneos;
				TARGETED_DEVICE_FAMILY = "1,2";
				VALIDATE_PRODUCT = YES;
			};
			name = Release;
		};
		BA4889A01CA5CBEB00271373 /* Debug */ = {
			isa = XCBuildConfiguration;
			buildSettings = {
				ASSETCATALOG_COMPILER_APPICON_NAME = AppIcon;
				CODE_SIGN_IDENTITY = "iPhone Developer";
				INFOPLIST_FILE = "$(SRCROOT)/doo it/Supporting Files/Info.plist";
				LD_RUNPATH_SEARCH_PATHS = "$(inherited) @executable_path/Frameworks";
				PRODUCT_BUNDLE_IDENTIFIER = "com.ricardo0100.doo-it";
				PRODUCT_NAME = "$(TARGET_NAME)";
			};
			name = Debug;
		};
		BA4889A11CA5CBEB00271373 /* Release */ = {
			isa = XCBuildConfiguration;
			buildSettings = {
				ASSETCATALOG_COMPILER_APPICON_NAME = AppIcon;
				CODE_SIGN_IDENTITY = "iPhone Developer";
				INFOPLIST_FILE = "$(SRCROOT)/doo it/Supporting Files/Info.plist";
				LD_RUNPATH_SEARCH_PATHS = "$(inherited) @executable_path/Frameworks";
				PRODUCT_BUNDLE_IDENTIFIER = "com.ricardo0100.doo-it";
				PRODUCT_NAME = "$(TARGET_NAME)";
			};
			name = Release;
		};
		BA4889A31CA5CBEB00271373 /* Debug */ = {
			isa = XCBuildConfiguration;
			buildSettings = {
				BUNDLE_LOADER = "$(TEST_HOST)";
				INFOPLIST_FILE = "doo itTests/Info.plist";
				LD_RUNPATH_SEARCH_PATHS = "$(inherited) @executable_path/Frameworks @loader_path/Frameworks";
				PRODUCT_BUNDLE_IDENTIFIER = "com.ricardo0100.doo-itTests";
				PRODUCT_NAME = "$(TARGET_NAME)";
				TEST_HOST = "$(BUILT_PRODUCTS_DIR)/doo it.app/doo it";
			};
			name = Debug;
		};
		BA4889A41CA5CBEB00271373 /* Release */ = {
			isa = XCBuildConfiguration;
			buildSettings = {
				BUNDLE_LOADER = "$(TEST_HOST)";
				INFOPLIST_FILE = "doo itTests/Info.plist";
				LD_RUNPATH_SEARCH_PATHS = "$(inherited) @executable_path/Frameworks @loader_path/Frameworks";
				PRODUCT_BUNDLE_IDENTIFIER = "com.ricardo0100.doo-itTests";
				PRODUCT_NAME = "$(TARGET_NAME)";
				TEST_HOST = "$(BUILT_PRODUCTS_DIR)/doo it.app/doo it";
			};
			name = Release;
		};
/* End XCBuildConfiguration section */

/* Begin XCConfigurationList section */
		BA4889781CA5CBEB00271373 /* Build configuration list for PBXProject "doo it" */ = {
			isa = XCConfigurationList;
			buildConfigurations = (
				BA48899D1CA5CBEB00271373 /* Debug */,
				BA48899E1CA5CBEB00271373 /* Release */,
			);
			defaultConfigurationIsVisible = 0;
			defaultConfigurationName = Release;
		};
		BA48899F1CA5CBEB00271373 /* Build configuration list for PBXNativeTarget "doo it" */ = {
			isa = XCConfigurationList;
			buildConfigurations = (
				BA4889A01CA5CBEB00271373 /* Debug */,
				BA4889A11CA5CBEB00271373 /* Release */,
			);
			defaultConfigurationIsVisible = 0;
			defaultConfigurationName = Release;
		};
		BA4889A21CA5CBEB00271373 /* Build configuration list for PBXNativeTarget "doo itTests" */ = {
			isa = XCConfigurationList;
			buildConfigurations = (
				BA4889A31CA5CBEB00271373 /* Debug */,
				BA4889A41CA5CBEB00271373 /* Release */,
			);
			defaultConfigurationIsVisible = 0;
			defaultConfigurationName = Release;
		};
/* End XCConfigurationList section */
	};
	rootObject = BA4889751CA5CBEB00271373 /* Project object */;
}
